{
    "_meta": {
        "hash": {
            "sha256": "59f9b574fe2b7d336e85c3dfdee8eef3f686ceb25fbc62dacbd5a2da6b2de0e2"
        },
        "pipfile-spec": 6,
        "requires": {
            "python_version": "3"
        },
        "sources": [
            {
                "name": "pypi",
                "url": "https://pypi.org/simple",
                "verify_ssl": true
            }
        ]
    },
    "default": {
        "py-range-parse": {
            "hashes": [
                "sha256:15cf56ab4483814162f57f3b2bfd3ae68f6c4ea4cd7e710c881a5ce97f516c2c",
                "sha256:a9d6b66f8e10dd26f5ff9726daef5b70bb32368a00a4563bd65d062c73d7c979"
            ],
            "index": "pypi",
            "version": "==1.0.5"
        },
        "python-dateutil": {
            "hashes": [
                "sha256:37dd54208da7e1cd875388217d5e00ebd4179249f90fb72437e91a35459a0ad3",
                "sha256:a8b2bc7bffae282281c8140a97d3aa9c14da0b136dfe83f850eea9a5f7470427"
            ],
            "index": "pypi",
            "markers": "python_version >= '2.7' and python_version not in '3.0, 3.1, 3.2'",
            "version": "==2.9.0.post0"
        },
        "pytimeparse": {
            "hashes": [
                "sha256:04b7be6cc8bd9f5647a6325444926c3ac34ee6bc7e69da4367ba282f076036bd",
                "sha256:e86136477be924d7e670646a98561957e8ca7308d44841e21f5ddea757556a0a"
            ],
            "index": "pypi",
            "version": "==1.1.8"
        },
        "ruamel.yaml": {
            "hashes": [
                "sha256:148f6488d698b7a5eded5ea793a025308b25eca97208181b6a026037f391f701",
                "sha256:dbfca74b018c4c3fba0b9cc9ee33e53c371194a9000e694995e620490fd40700"
            ],
            "markers": "python_version >= '3.8'",
            "version": "==0.18.15"
        },
        "ruamel.yaml.clib": {
            "hashes": [
                "sha256:040ae85536960525ea62868b642bdb0c2cc6021c9f9d507810c0c604e66f5a7b",
                "sha256:0467c5965282c62203273b838ae77c0d29d7638c8a4e3a1c8bdd3602c10904e4",
                "sha256:0b7e75b4965e1d4690e93021adfcecccbca7d61c7bddd8e22406ef2ff20d74ef",
                "sha256:11f891336688faf5156a36293a9c362bdc7c88f03a8a027c2c1d8e0bcde998e5",
                "sha256:1492a6051dab8d912fc2adeef0e8c72216b24d57bd896ea607cb90bb0c4981d3",
                "sha256:20b0f8dc160ba83b6dcc0e256846e1a02d044e13f7ea74a3d1d56ede4e48c632",
                "sha256:22353049ba4181685023b25b5b51a574bce33e7f51c759371a7422dcae5402a6",
                "sha256:2c59aa6170b990d8d2719323e628aaf36f3bfbc1c26279c0eeeb24d05d2d11c7",
                "sha256:32621c177bbf782ca5a18ba4d7af0f1082a3f6e517ac2a18b3974d4edf349680",
                "sha256:3bc2a80e6420ca8b7d3590791e2dfc709c88ab9152c00eeb511c9875ce5778bf",
                "sha256:3eac5a91891ceb88138c113f9db04f3cebdae277f5d44eaa3651a4f573e6a5da",
                "sha256:4a6679521a58256a90b0d89e03992c15144c5f3858f40d7c18886023d7943db6",
                "sha256:4c8c5d82f50bb53986a5e02d1b3092b03622c02c2eb78e29bec33fd9593bae1a",
                "sha256:4f6f3eac23941b32afccc23081e1f50612bdbe4e982012ef4f5797986828cd01",
                "sha256:5a0e060aace4c24dcaf71023bbd7d42674e3b230f7e7b97317baf1e953e5b519",
                "sha256:6442cb36270b3afb1b4951f060eccca1ce49f3d087ca1ca4563a6eb479cb3de6",
                "sha256:6c8fbb13ec503f99a91901ab46e0b07ae7941cd527393187039aec586fdfd36f",
                "sha256:749c16fcc4a2b09f28843cda5a193e0283e47454b63ec4b81eaa2242f50e4ccd",
                "sha256:7dd5adc8b930b12c8fc5b99e2d535a09889941aa0d0bd06f4749e9a9397c71d2",
                "sha256:811ea1594b8a0fb466172c384267a4e5e367298af6b228931f273b111f17ef52",
                "sha256:932205970b9f9991b34f55136be327501903f7c66830e9760a8ffb15b07f05cd",
                "sha256:943f32bc9dedb3abff9879edc134901df92cfce2c3d5c9348f172f62eb2d771d",
                "sha256:95c3829bb364fdb8e0332c9931ecf57d9be3519241323c5274bd82f709cebc0c",
                "sha256:96777d473c05ee3e5e3c3e999f5d23c6f4ec5b0c38c098b3a5229085f74236c6",
                "sha256:a274fb2cb086c7a3dea4322ec27f4cb5cc4b6298adb583ab0e211a4682f241eb",
                "sha256:a52d48f4e7bf9005e8f0a89209bf9a73f7190ddf0489eee5eb51377385f59f2a",
                "sha256:a606ef75a60ecf3d924613892cc603b154178ee25abb3055db5062da811fd969",
                "sha256:ab007f2f5a87bd08ab1499bdf96f3d5c6ad4dcfa364884cb4549aa0154b13a28",
                "sha256:b82a7c94a498853aa0b272fd5bc67f29008da798d4f93a2f9f289feb8426a58d",
                "sha256:bb43a269eb827806502c7c8efb7ae7e9e9d0573257a46e8e952f4d4caba4f31e",
                "sha256:bc5f1e1c28e966d61d2519f2a3d451ba989f9ea0f2307de7bc45baa526de9e45",
                "sha256:bd0a08f0bab19093c54e18a14a10b4322e1eacc5217056f3c063bd2f59853ce4",
                "sha256:beffaed67936fbbeffd10966a4eb53c402fafd3d6833770516bf7314bc6ffa12",
                "sha256:bf165fef1f223beae7333275156ab2022cffe255dcc51c27f066b4370da81e31",
                "sha256:cf12567a7b565cbf65d438dec6cfbe2917d3c1bdddfce84a9930b7d35ea59642",
                "sha256:d84318609196d6bd6da0edfa25cedfbabd8dbde5140a0a23af29ad4b8f91fb1e",
                "sha256:d85252669dc32f98ebcd5d36768f5d4faeaeaa2d655ac0473be490ecdae3c285",
                "sha256:e143ada795c341b56de9418c58d028989093ee611aa27ffb9b7f609c00d813ed",
                "sha256:e188d2699864c11c36cdfdada94d781fd5d6b0071cd9c427bceb08ad3d7c70e1",
                "sha256:e2f1c3765db32be59d18ab3953f43ab62a761327aafc1594a2a1fbe038b8b8a7",
                "sha256:e5b8daf27af0b90da7bb903a876477a9e6d7270be6146906b276605997c7e9a3",
                "sha256:e7e3736715fbf53e9be2a79eb4db68e4ed857017344d697e8b9749444ae57475",
                "sha256:e8c4ebfcfd57177b572e2040777b8abc537cdef58a2120e830124946aa9b42c5",
                "sha256:f66efbc1caa63c088dead1c4170d148eabc9b80d95fb75b6c92ac0aad2437d76",
                "sha256:fc4b630cd3fa2cf7fce38afa91d7cfe844a9f75d7f0f36393fa98815e911d987",
                "sha256:fd5415dded15c3822597455bc02bcd66e81ef8b7a48cb71a33628fc9fdde39df"
            ],
            "markers": "python_version >= '3.9'",
            "version": "==0.2.12"
        },
        "six": {
            "hashes": [
                "sha256:4721f391ed90541fddacab5acf947aa0d3dc7d27b2e1e8eda2be8970586c3274",
                "sha256:ff70335d468e7eb6ec65b95b99d3a2836546063f63acc5171de367e834932a81"
            ],
            "markers": "python_version >= '2.7' and python_version not in '3.0, 3.1, 3.2'",
            "version": "==1.17.0"
        },
        "toml": {
            "hashes": [
                "sha256:806143ae5bfb6a3c6e736a764057db0e6a0e05e338b5630894a5f779cabb4f9b",
                "sha256:b3bda1d108d5dd99f4a20d24d9c348e91c4db7ab1b749200bded2f839ccbe68f"
            ],
            "index": "pypi",
            "markers": "python_version >= '2.6' and python_version not in '3.0, 3.1, 3.2'",
            "version": "==0.10.2"
        },
        "voluptuous": {
            "hashes": [
                "sha256:016348bc7788a9af9520b1764ebd4de0df41fe2138ebe9e06fa036bf86a65566",
                "sha256:6ffcab32c4d3230b4d2af3a577c87e1908a714a11f6f95570456b1849b0279aa"
            ],
            "index": "pypi",
            "markers": "python_version >= '3.9'",
            "version": "==0.15.2"
        }
    },
    "develop": {
        "iniconfig": {
            "hashes": [
                "sha256:3abbd2e30b36733fee78f9c7f7308f2d0050e88f0087fd25c2645f63c773e1c7",
                "sha256:9deba5723312380e77435581c6bf4935c94cbfab9b1ed33ef8d238ea168eb760"
            ],
            "markers": "python_version >= '3.8'",
            "version": "==2.1.0"
        },
        "packaging": {
            "hashes": [
                "sha256:29572ef2b1f17581046b3a2227d5c611fb25ec70ca1ba8554b24b0e69331a484",
                "sha256:d443872c98d677bf60f6a1f2f8c1cb748e8fe762d2bf9d3148b5599295b0fc4f"
            ],
            "markers": "python_version >= '3.8'",
            "version": "==25.0"
        },
        "pluggy": {
            "hashes": [
                "sha256:7dcc130b76258d33b90f61b658791dede3486c3e6bfb003ee5c9bfb396dd22f3",
                "sha256:e920276dd6813095e9377c0bc5566d94c932c33b27a3e3945d8389c374dd4746"
            ],
            "markers": "python_version >= '3.9'",
            "version": "==1.6.0"
        },
        "pygments": {
            "hashes": [
                "sha256:636cb2477cec7f8952536970bc533bc43743542f70392ae026374600add5b887",
                "sha256:86540386c03d588bb81d44bc3928634ff26449851e99741617ecb9037ee5ec0b"
            ],
            "markers": "python_version >= '3.8'",
            "version": "==2.19.2"
        },
        "pytest": {
            "hashes": [
                "sha256:539c70ba6fcead8e78eebbf1115e8b589e7565830d7d006a8723f19ac8a0afb7",
                "sha256:7c67fd69174877359ed9371ec3af8a3d2b04741818c51e5e99cc1742251fa93c"
            ],
            "index": "pypi",
            "markers": "python_version >= '3.9'",
            "version": "==8.4.1"
        }
    }
}
